{
  "lockfileVersion": 1,
  "configVersion": 1,
  "workspaces": {
    "": {
      "name": "sprout",
      "dependencies": {
        "@clack/prompts": "^1.0.0",
        "cleye": "^2.2.1",
        "fuzzysearch": "^1.0.3",
      },
      "devDependencies": {
        "@types/bun": "latest",
        "@types/fuzzysearch": "^1.0.2",
      },
      "peerDependencies": {
        "typescript": "^5",
      },
    },
  },
  "packages": {
    "@clack/core": ["@clack/core@1.0.0", "", { "dependencies": { "picocolors": "^1.0.0", "sisteransi": "^1.0.5" } }, "sha512-Orf9Ltr5NeiEuVJS8Rk2XTw3IxNC2Bic3ash7GgYeA8LJ/zmSNpSQ/m5UAhe03lA6KFgklzZ5KTHs4OAMA/SAQ=="],

    "@clack/prompts": ["@clack/prompts@1.0.0", "", { "dependencies": { "@clack/core": "1.0.0", "picocolors": "^1.0.0", "sisteransi": "^1.0.5" } }, "sha512-rWPXg9UaCFqErJVQ+MecOaWsozjaxol4yjnmYcGNipAWzdaWa2x+VJmKfGq7L0APwBohQOYdHC+9RO4qRXej+A=="],

    "@types/bun": ["@types/bun@1.3.6", "", { "dependencies": { "bun-types": "1.3.6" } }, "sha512-uWCv6FO/8LcpREhenN1d1b6fcspAB+cefwD7uti8C8VffIv0Um08TKMn98FynpTiU38+y2dUO55T11NgDt8VAA=="],

    "@types/fuzzysearch": ["@types/fuzzysearch@1.0.2", "", {}, "sha512-G2M0M7acg75BzTtUv1qmPFMe7nTwX1K2AEKNeBO8zW0o+H2oTmyir7IJ2v0UW8pZkY4nHgHALvgpWQpB9WXPpg=="],

    "@types/node": ["@types/node@25.0.10", "", { "dependencies": { "undici-types": "~7.16.0" } }, "sha512-zWW5KPngR/yvakJgGOmZ5vTBemDoSqF3AcV/LrO5u5wTWyEAVVh+IT39G4gtyAkh3CtTZs8aX/yRM82OfzHJRg=="],

    "bun-types": ["bun-types@1.3.6", "", { "dependencies": { "@types/node": "*" } }, "sha512-OlFwHcnNV99r//9v5IIOgQ9Uk37gZqrNMCcqEaExdkVq3Avwqok1bJFmvGMCkCE0FqzdY8VMOZpfpR3lwI+CsQ=="],

    "cleye": ["cleye@2.2.1", "", { "dependencies": { "terminal-columns": "^2.0.0", "type-flag": "^4.0.3" } }, "sha512-eZzJGlG3N6+IsKV+297HIRS2fyRsLMOrx62hGUmmcyOtP/I+L7JVeSKZH49WZUdVB8NoaZOUvq01363I/PHJiA=="],

    "fuzzysearch": ["fuzzysearch@1.0.3", "", {}, "sha512-s+kNWQuI3mo9OALw0HJ6YGmMbLqEufCh2nX/zzV5CrICQ/y4AwPxM+6TIiF9ItFCHXFCyM/BfCCmN57NTIJuPg=="],

    "picocolors": ["picocolors@1.1.1", "", {}, "sha512-xceH2snhtb5M9liqDsmEw56le376mTZkEX/jEb/RxNFyegNul7eNslCXP9FDj/Lcu0X8KEyMceP2ntpaHrDEVA=="],

    "sisteransi": ["sisteransi@1.0.5", "", {}, "sha512-bLGGlR1QxBcynn2d5YmDX4MGjlZvy2MRBDRNHLJ8VI6l6+9FUiyTFNJ0IveOSP0bcXgVDPRcfGqA0pjaqUpfVg=="],

    "terminal-columns": ["terminal-columns@2.0.0", "", {}, "sha512-6IByuUjyNZJXUtwDNm+OIe62zgwwaRbH+WMNTcx05O2G5V9WhvluAAHJY8OvUdwmzMPpqAD/7EUpGdI6ae1aiQ=="],

    "type-flag": ["type-flag@4.0.3", "", {}, "sha512-YA09cL07U7hSV+/doSfKl+RkIZ2olCnevZsVgAuyBUG3h2ROf9Oh2vmbq5Rf26aA9/qu9RtStuc7ap5PC6k/vw=="],

    "typescript": ["typescript@5.9.3", "", { "bin": { "tsc": "bin/tsc", "tsserver": "bin/tsserver" } }, "sha512-jl1vZzPDinLr9eUt3J/t7V6FgNEw9QjvBPdysz9KfQDD41fQrC2Y4vKQdiaUpFT4bXlb1RHhLpp8wtm6M5TgSw=="],

    "undici-types": ["undici-types@7.16.0", "", {}, "sha512-Zz+aZWSj8LE6zoxD+xrjh4VfkIG8Ya6LvYkZqtUQGJPZjYl53ypCaUwWqo7eI0x66KBGeRo+mlBEkMSeSZ38Nw=="],
  }
}
